
Microsoft Visual Studio Solution File, Format Version 12.00
# Visual Studio Version 16
VisualStudioVersion = 16.0.31729.503
MinimumVisualStudioVersion = 10.0.40219.1
Project("{FAE04EC0-301F-11D3-BF4B-00C04F79EFBC}") = "InsertData2", "InsertData2\InsertData2.csproj", "{EFA50438-5AFA-4839-BF27-F9984E15CC11}"
EndProject
Project("{9A19103F-16F7-4668-BE54-9A1E7A4F7556}") = "Console", "Console\Console.csproj", "{674C7A8A-F926-4ABE-B290-50F0B3D7FB7D}"
EndProject
Global
	GlobalSection(SolutionConfigurationPlatforms) = preSolution
		Debug|Any CPU = Debug|Any CPU
		Release|Any CPU = Release|Any CPU
	EndGlobalSection
	GlobalSection(ProjectConfigurationPlatforms) = postSolution
		{EFA50438-5AFA-4839-BF27-F9984E15CC11}.Debug|Any CPU.ActiveCfg = Debug|Any CPU
		{EFA50438-5AFA-4839-BF27-F9984E15CC11}.Debug|Any CPU.Build.0 = Debug|Any CPU
		{EFA50438-5AFA-4839-BF27-F9984E15CC11}.Release|Any CPU.ActiveCfg = Release|Any CPU
		{EFA50438-5AFA-4839-BF27-F9984E15CC11}.Release|Any CPU.Build.0 = Release|Any CPU
		{674C7A8A-F926-4ABE-B290-50F0B3D7FB7D}.Debug|Any CPU.ActiveCfg = Debug|Any CPU
		{674C7A8A-F926-4ABE-B290-50F0B3D7FB7D}.Debug|Any CPU.Build.0 = Debug|Any CPU
		{674C7A8A-F926-4ABE-B290-50F0B3D7FB7D}.Release|Any CPU.ActiveCfg = Release|Any CPU
		{674C7A8A-F926-4ABE-B290-50F0B3D7FB7D}.Release|Any CPU.Build.0 = Release|Any CPU
	EndGlobalSection
	GlobalSection(SolutionProperties) = preSolution
		HideSolutionNode = FALSE
	EndGlobalSection
	GlobalSection(ExtensibilityGlobals) = postSolution
		SolutionGuid = {52D249AA-AAA8-4F30-A99D-40AA8741E1A1}
	EndGlobalSection
EndGlobal
