
Microsoft Visual Studio Solution File, Format Version 12.00
# Visual Studio Version 17
VisualStudioVersion = 17.0.32112.339
MinimumVisualStudioVersion = 10.0.40219.1
Project("{9A19103F-16F7-4668-BE54-9A1E7A4F7556}") = "BaswareMailData", "InsertBulkData\BaswareMailData.csproj", "{3D7AAC5C-B06B-4843-AADD-A75AE72BB407}"
EndProject
Project("{9A19103F-16F7-4668-BE54-9A1E7A4F7556}") = "BusinessLogicLibrary", "BusinessLogicLibrary\BusinessLogicLibrary.csproj", "{C4DD713F-FBCC-40AD-A6C7-E92FDF0404D4}"
EndProject
Global
	GlobalSection(SolutionConfigurationPlatforms) = preSolution
		Debug|Any CPU = Debug|Any CPU
		Release|Any CPU = Release|Any CPU
	EndGlobalSection
	GlobalSection(ProjectConfigurationPlatforms) = postSolution
		{3D7AAC5C-B06B-4843-AADD-A75AE72BB407}.Debug|Any CPU.ActiveCfg = Debug|Any CPU
		{3D7AAC5C-B06B-4843-AADD-A75AE72BB407}.Debug|Any CPU.Build.0 = Debug|Any CPU
		{3D7AAC5C-B06B-4843-AADD-A75AE72BB407}.Release|Any CPU.ActiveCfg = Release|Any CPU
		{3D7AAC5C-B06B-4843-AADD-A75AE72BB407}.Release|Any CPU.Build.0 = Release|Any CPU
		{C4DD713F-FBCC-40AD-A6C7-E92FDF0404D4}.Debug|Any CPU.ActiveCfg = Debug|Any CPU
		{C4DD713F-FBCC-40AD-A6C7-E92FDF0404D4}.Debug|Any CPU.Build.0 = Debug|Any CPU
		{C4DD713F-FBCC-40AD-A6C7-E92FDF0404D4}.Release|Any CPU.ActiveCfg = Release|Any CPU
		{C4DD713F-FBCC-40AD-A6C7-E92FDF0404D4}.Release|Any CPU.Build.0 = Release|Any CPU
	EndGlobalSection
	GlobalSection(SolutionProperties) = preSolution
		HideSolutionNode = FALSE
	EndGlobalSection
	GlobalSection(ExtensibilityGlobals) = postSolution
		SolutionGuid = {05441304-2ACE-4017-ACEE-2C3D14AC8680}
	EndGlobalSection
EndGlobal
